// !$*UTF8*$!
{
	archiveVersion = 1;
	classes = {
	};
	objectVersion = 77;
	objects = {

/* Begin PBXBuildFile section */
		0ED2521FA06C8E274EBE03FF /* Pods_HorV.framework in Frameworks */ = {isa = PBXBuildFile; fileRef = 987AFBD57FF9C160D3DB3AC0 /* Pods_HorV.framework */; };
		28BBC18B2EB3AEEE001321A8 /* Fruiairn.xcframework in Frameworks */ = {isa = PBXBuildFile; fileRef = 28BBC18A2EB3AEEE001321A8 /* Fruiairn.xcframework */; };
		FEE641552EA9110800E4512A /* HorV.xcdatamodeld in Sources */ = {isa = PBXBuildFile; fileRef = FEE6414A2EA9110800E4512A /* HorV.xcdatamodeld */; };
		FEE641582EA9110800E4512A /* Assets.xcassets in Resources */ = {isa = PBXBuildFile; fileRef = FEE641492EA9110800E4512A /* Assets.xcassets */; };
		FEE6415A2EA9110800E4512A /* LaunchScreen.storyboard in Resources */ = {isa = PBXBuildFile; fileRef = FEE6414D2EA9110800E4512A /* LaunchScreen.storyboard */; };
		FEE6415B2EA9110800E4512A /* Main.storyboard in Resources */ = {isa = PBXBuildFile; fileRef = FEE6414F2EA9110800E4512A /* Main.storyboard */; };
		FEE641682EA918A500E4512A /* AppDelegate.swift in Sources */ = {isa = PBXBuildFile; fileRef = FEE6415C2EA918A500E4512A /* AppDelegate.swift */; };
		FEE641692EA918A500E4512A /* ParacosmBoardController+Logic.swift in Sources */ = {isa = PBXBuildFile; fileRef = FEE641652EA918A500E4512A /* ParacosmBoardController+Logic.swift */; };
		FEE6416A2EA918A500E4512A /* ChronicleViewController.swift in Sources */ = {isa = PBXBuildFile; fileRef = FEE6415D2EA918A500E4512A /* ChronicleViewController.swift */; };
		FEE6416B2EA918A500E4512A /* HomeViewController+Appearance.swift in Sources */ = {isa = PBXBuildFile; fileRef = FEE641602EA918A500E4512A /* HomeViewController+Appearance.swift */; };
		FEE6416C2EA918A500E4512A /* HorVModel.swift in Sources */ = {isa = PBXBuildFile; fileRef = FEE641612EA918A500E4512A /* HorVModel.swift */; };
		FEE6416D2EA918A500E4512A /* HomeViewController+Actions.swift in Sources */ = {isa = PBXBuildFile; fileRef = FEE6415F2EA918A500E4512A /* HomeViewController+Actions.swift */; };
		FEE6416E2EA918A500E4512A /* ParacosmBoardController.swift in Sources */ = {isa = PBXBuildFile; fileRef = FEE641632EA918A500E4512A /* ParacosmBoardController.swift */; };
		FEE6416F2EA918A500E4512A /* ParacosmBoardController+Layout.swift in Sources */ = {isa = PBXBuildFile; fileRef = FEE641642EA918A500E4512A /* ParacosmBoardController+Layout.swift */; };
		FEE641702EA918A500E4512A /* SceneDelegate.swift in Sources */ = {isa = PBXBuildFile; fileRef = FEE641672EA918A500E4512A /* SceneDelegate.swift */; };
		FEE641712EA918A500E4512A /* LedgerVault.swift in Sources */ = {isa = PBXBuildFile; fileRef = FEE641622EA918A500E4512A /* LedgerVault.swift */; };
		FEE641722EA918A500E4512A /* RuleCompendiumViewController.swift in Sources */ = {isa = PBXBuildFile; fileRef = FEE641662EA918A500E4512A /* RuleCompendiumViewController.swift */; };
		FEE641732EA918A500E4512A /* HomeViewController.swift in Sources */ = {isa = PBXBuildFile; fileRef = FEE6415E2EA918A500E4512A /* HomeViewController.swift */; };
		FEE641AD2EA920A600E4512A /* SiroccoGradientView.swift in Sources */ = {isa = PBXBuildFile; fileRef = FEE641AC2EA920A600E4512A /* SiroccoGradientView.swift */; };
/* End PBXBuildFile section */

/* Begin PBXFileReference section */
		28BBC18A2EB3AEEE001321A8 /* Fruiairn.xcframework */ = {isa = PBXFileReference; lastKnownFileType = wrapper.xcframework; path = Fruiairn.xcframework; sourceTree = "<group>"; };
		4A909CC1D8AFB9DFD5DF3457 /* Pods-HorV.release.xcconfig */ = {isa = PBXFileReference; includeInIndex = 1; lastKnownFileType = text.xcconfig; name = "Pods-HorV.release.xcconfig"; path = "Target Support Files/Pods-HorV/Pods-HorV.release.xcconfig"; sourceTree = "<group>"; };
		5B9C9F358D569772E61748FF /* Pods-HorV.debug.xcconfig */ = {isa = PBXFileReference; includeInIndex = 1; lastKnownFileType = text.xcconfig; name = "Pods-HorV.debug.xcconfig"; path = "Target Support Files/Pods-HorV/Pods-HorV.debug.xcconfig"; sourceTree = "<group>"; };
		987AFBD57FF9C160D3DB3AC0 /* Pods_HorV.framework */ = {isa = PBXFileReference; explicitFileType = wrapper.framework; includeInIndex = 0; path = Pods_HorV.framework; sourceTree = BUILT_PRODUCTS_DIR; };
		FEE6412D2EA910F700E4512A /* HorV.app */ = {isa = PBXFileReference; explicitFileType = wrapper.application; includeInIndex = 0; path = HorV.app; sourceTree = BUILT_PRODUCTS_DIR; };
		FEE641492EA9110800E4512A /* Assets.xcassets */ = {isa = PBXFileReference; lastKnownFileType = folder.assetcatalog; path = Assets.xcassets; sourceTree = "<group>"; };
		FEE6414B2EA9110800E4512A /* Info.plist */ = {isa = PBXFileReference; lastKnownFileType = text.plist.xml; path = Info.plist; sourceTree = "<group>"; };
		FEE6414C2EA9110800E4512A /* Base */ = {isa = PBXFileReference; lastKnownFileType = file.storyboard; name = Base; path = Base.lproj/LaunchScreen.storyboard; sourceTree = "<group>"; };
		FEE6414E2EA9110800E4512A /* Base */ = {isa = PBXFileReference; lastKnownFileType = file.storyboard; name = Base; path = Base.lproj/Main.storyboard; sourceTree = "<group>"; };
		FEE641532EA9110800E4512A /* HorV.xcdatamodel */ = {isa = PBXFileReference; lastKnownFileType = wrapper.xcdatamodel; path = HorV.xcdatamodel; sourceTree = "<group>"; };
		FEE6415C2EA918A500E4512A /* AppDelegate.swift */ = {isa = PBXFileReference; lastKnownFileType = sourcecode.swift; path = AppDelegate.swift; sourceTree = "<group>"; };
		FEE6415D2EA918A500E4512A /* ChronicleViewController.swift */ = {isa = PBXFileReference; lastKnownFileType = sourcecode.swift; path = ChronicleViewController.swift; sourceTree = "<group>"; };
		FEE6415E2EA918A500E4512A /* HomeViewController.swift */ = {isa = PBXFileReference; lastKnownFileType = sourcecode.swift; path = HomeViewController.swift; sourceTree = "<group>"; };
		FEE6415F2EA918A500E4512A /* HomeViewController+Actions.swift */ = {isa = PBXFileReference; lastKnownFileType = sourcecode.swift; path = "HomeViewController+Actions.swift"; sourceTree = "<group>"; };
		FEE641602EA918A500E4512A /* HomeViewController+Appearance.swift */ = {isa = PBXFileReference; lastKnownFileType = sourcecode.swift; path = "HomeViewController+Appearance.swift"; sourceTree = "<group>"; };
		FEE641612EA918A500E4512A /* HorVModel.swift */ = {isa = PBXFileReference; lastKnownFileType = sourcecode.swift; path = HorVModel.swift; sourceTree = "<group>"; };
		FEE641622EA918A500E4512A /* LedgerVault.swift */ = {isa = PBXFileReference; lastKnownFileType = sourcecode.swift; path = LedgerVault.swift; sourceTree = "<group>"; };
		FEE641632EA918A500E4512A /* ParacosmBoardController.swift */ = {isa = PBXFileReference; lastKnownFileType = sourcecode.swift; path = ParacosmBoardController.swift; sourceTree = "<group>"; };
		FEE641642EA918A500E4512A /* ParacosmBoardController+Layout.swift */ = {isa = PBXFileReference; lastKnownFileType = sourcecode.swift; path = "ParacosmBoardController+Layout.swift"; sourceTree = "<group>"; };
		FEE641652EA918A500E4512A /* ParacosmBoardController+Logic.swift */ = {isa = PBXFileReference; lastKnownFileType = sourcecode.swift; path = "ParacosmBoardController+Logic.swift"; sourceTree = "<group>"; };
		FEE641662EA918A500E4512A /* RuleCompendiumViewController.swift */ = {isa = PBXFileReference; lastKnownFileType = sourcecode.swift; path = RuleCompendiumViewController.swift; sourceTree = "<group>"; };
		FEE641672EA918A500E4512A /* SceneDelegate.swift */ = {isa = PBXFileReference; lastKnownFileType = sourcecode.swift; path = SceneDelegate.swift; sourceTree = "<group>"; };
		FEE641AC2EA920A600E4512A /* SiroccoGradientView.swift */ = {isa = PBXFileReference; lastKnownFileType = sourcecode.swift; path = SiroccoGradientView.swift; sourceTree = "<group>"; };
/* End PBXFileReference section */

/* Begin PBXFrameworksBuildPhase section */
		FEE6412A2EA910F700E4512A /* Frameworks */ = {
			isa = PBXFrameworksBuildPhase;
			buildActionMask = 2147483647;
			files = (
				0ED2521FA06C8E274EBE03FF /* Pods_HorV.framework in Frameworks */,
				28BBC18B2EB3AEEE001321A8 /* Fruiairn.xcframework in Frameworks */,
			);
			runOnlyForDeploymentPostprocessing = 0;
		};
/* End PBXFrameworksBuildPhase section */

/* Begin PBXGroup section */
		2727901DBE099D4F0787AD99 /* Pods */ = {
			isa = PBXGroup;
			children = (
				5B9C9F358D569772E61748FF /* Pods-HorV.debug.xcconfig */,
				4A909CC1D8AFB9DFD5DF3457 /* Pods-HorV.release.xcconfig */,
			);
			path = Pods;
			sourceTree = "<group>";
		};
		80844E2BF9995A4D66C92C38 /* Frameworks */ = {
			isa = PBXGroup;
			children = (
				987AFBD57FF9C160D3DB3AC0 /* Pods_HorV.framework */,
			);
			name = Frameworks;
			sourceTree = "<group>";
		};
		FEE641242EA910F700E4512A = {
			isa = PBXGroup;
			children = (
				FEE641522EA9110800E4512A /* HorV */,
				FEE6412E2EA910F700E4512A /* Products */,
				2727901DBE099D4F0787AD99 /* Pods */,
				80844E2BF9995A4D66C92C38 /* Frameworks */,
			);
			sourceTree = "<group>";
		};
		FEE6412E2EA910F700E4512A /* Products */ = {
			isa = PBXGroup;
			children = (
				FEE6412D2EA910F700E4512A /* HorV.app */,
			);
			name = Products;
			sourceTree = "<group>";
		};
		FEE641522EA9110800E4512A /* HorV */ = {
			isa = PBXGroup;
			children = (
				FEE6415C2EA918A500E4512A /* AppDelegate.swift */,
				FEE641672EA918A500E4512A /* SceneDelegate.swift */,
				FEE641B12EA92AC300E4512A /* Sirocco */,
				FEE641B22EA92ACF00E4512A /* Chroicle */,
				FEE641AF2EA92AAD00E4512A /* Home */,
				FEE641B02EA92AB900E4512A /* Model */,
				FEE641AE2EA92AA300E4512A /* Paracos */,
				FEE641662EA918A500E4512A /* RuleCompendiumViewController.swift */,
				28BBC18A2EB3AEEE001321A8 /* Fruiairn.xcframework */,
				FEE641492EA9110800E4512A /* Assets.xcassets */,
				FEE6414A2EA9110800E4512A /* HorV.xcdatamodeld */,
				FEE6414B2EA9110800E4512A /* Info.plist */,
				FEE6414D2EA9110800E4512A /* LaunchScreen.storyboard */,
				FEE6414F2EA9110800E4512A /* Main.storyboard */,
			);
			path = HorV;
			sourceTree = "<group>";
		};
		FEE641AE2EA92AA300E4512A /* Paracos */ = {
			isa = PBXGroup;
			children = (
				FEE641632EA918A500E4512A /* ParacosmBoardController.swift */,
				FEE641642EA918A500E4512A /* ParacosmBoardController+Layout.swift */,
				FEE641652EA918A500E4512A /* ParacosmBoardController+Logic.swift */,
			);
			path = Paracos;
			sourceTree = "<group>";
		};
		FEE641AF2EA92AAD00E4512A /* Home */ = {
			isa = PBXGroup;
			children = (
				FEE6415E2EA918A500E4512A /* HomeViewController.swift */,
				FEE6415F2EA918A500E4512A /* HomeViewController+Actions.swift */,
				FEE641602EA918A500E4512A /* HomeViewController+Appearance.swift */,
			);
			path = Home;
			sourceTree = "<group>";
		};
		FEE641B02EA92AB900E4512A /* Model */ = {
			isa = PBXGroup;
			children = (
				FEE641622EA918A500E4512A /* LedgerVault.swift */,
				FEE641612EA918A500E4512A /* HorVModel.swift */,
			);
			path = Model;
			sourceTree = "<group>";
		};
		FEE641B12EA92AC300E4512A /* Sirocco */ = {
			isa = PBXGroup;
			children = (
				FEE641AC2EA920A600E4512A /* SiroccoGradientView.swift */,
			);
			path = Sirocco;
			sourceTree = "<group>";
		};
		FEE641B22EA92ACF00E4512A /* Chroicle */ = {
			isa = PBXGroup;
			children = (
				FEE6415D2EA918A500E4512A /* ChronicleViewController.swift */,
			);
			path = Chroicle;
			sourceTree = "<group>";
		};
/* End PBXGroup section */

/* Begin PBXNativeTarget section */
		FEE6412C2EA910F700E4512A /* HorV */ = {
			isa = PBXNativeTarget;
			buildConfigurationList = FEE641432EA910F900E4512A /* Build configuration list for PBXNativeTarget "HorV" */;
			buildPhases = (
				34A200D7FF214E4E10D791A4 /* [CP] Check Pods Manifest.lock */,
				FEE641292EA910F700E4512A /* Sources */,
				FEE6412A2EA910F700E4512A /* Frameworks */,
				FEE6412B2EA910F700E4512A /* Resources */,
				12EA76D6DD09EF7E34BBDC76 /* [CP] Embed Pods Frameworks */,
			);
			buildRules = (
			);
			dependencies = (
			);
			name = HorV;
			productName = HorV;
			productReference = FEE6412D2EA910F700E4512A /* HorV.app */;
			productType = "com.apple.product-type.application";
		};
/* End PBXNativeTarget section */

/* Begin PBXProject section */
		FEE641252EA910F700E4512A /* Project object */ = {
			isa = PBXProject;
			attributes = {
				BuildIndependentTargetsInParallel = 1;
				LastSwiftUpdateCheck = 1630;
				LastUpgradeCheck = 1630;
				TargetAttributes = {
					FEE6412C2EA910F700E4512A = {
						CreatedOnToolsVersion = 16.3;
						LastSwiftMigration = 1630;
					};
				};
			};
			buildConfigurationList = FEE641282EA910F700E4512A /* Build configuration list for PBXProject "HorV" */;
			developmentRegion = en;
			hasScannedForEncodings = 0;
			knownRegions = (
				en,
				Base,
			);
			mainGroup = FEE641242EA910F700E4512A;
			minimizedProjectReferenceProxies = 1;
			preferredProjectObjectVersion = 77;
			productRefGroup = FEE6412E2EA910F700E4512A /* Products */;
			projectDirPath = "";
			projectRoot = "";
			targets = (
				FEE6412C2EA910F700E4512A /* HorV */,
			);
		};
/* End PBXProject section */

/* Begin PBXResourcesBuildPhase section */
		FEE6412B2EA910F700E4512A /* Resources */ = {
			isa = PBXResourcesBuildPhase;
			buildActionMask = 2147483647;
			files = (
				FEE641582EA9110800E4512A /* Assets.xcassets in Resources */,
				FEE6415A2EA9110800E4512A /* LaunchScreen.storyboard in Resources */,
				FEE6415B2EA9110800E4512A /* Main.storyboard in Resources */,
			);
			runOnlyForDeploymentPostprocessing = 0;
		};
/* End PBXResourcesBuildPhase section */

/* Begin PBXShellScriptBuildPhase section */
		12EA76D6DD09EF7E34BBDC76 /* [CP] Embed Pods Frameworks */ = {
			isa = PBXShellScriptBuildPhase;
			buildActionMask = 2147483647;
			files = (
			);
			inputFileListPaths = (
				"${PODS_ROOT}/Target Support Files/Pods-HorV/Pods-HorV-frameworks-${CONFIGURATION}-input-files.xcfilelist",
			);
			inputPaths = (
			);
			name = "[CP] Embed Pods Frameworks";
			outputFileListPaths = (
				"${PODS_ROOT}/Target Support Files/Pods-HorV/Pods-HorV-frameworks-${CONFIGURATION}-output-files.xcfilelist",
			);
			outputPaths = (
			);
			runOnlyForDeploymentPostprocessing = 0;
			shellPath = /bin/sh;
			shellScript = "\"${PODS_ROOT}/Target Support Files/Pods-HorV/Pods-HorV-frameworks.sh\"\n";
			showEnvVarsInLog = 0;
		};
		34A200D7FF214E4E10D791A4 /* [CP] Check Pods Manifest.lock */ = {
			isa = PBXShellScriptBuildPhase;
			buildActionMask = 2147483647;
			files = (
			);
			inputFileListPaths = (
			);
			inputPaths = (
				"${PODS_PODFILE_DIR_PATH}/Podfile.lock",
				"${PODS_ROOT}/Manifest.lock",
			);
			name = "[CP] Check Pods Manifest.lock";
			outputFileListPaths = (
			);
			outputPaths = (
				"$(DERIVED_FILE_DIR)/Pods-HorV-checkManifestLockResult.txt",
			);
			runOnlyForDeploymentPostprocessing = 0;
			shellPath = /bin/sh;
			shellScript = "diff \"${PODS_PODFILE_DIR_PATH}/Podfile.lock\" \"${PODS_ROOT}/Manifest.lock\" > /dev/null\nif [ $? != 0 ] ; then\n    # print error to STDERR\n    echo \"error: The sandbox is not in sync with the Podfile.lock. Run 'pod install' or update your CocoaPods installation.\" >&2\n    exit 1\nfi\n# This output is used by Xcode 'outputs' to avoid re-running this script phase.\necho \"SUCCESS\" > \"${SCRIPT_OUTPUT_FILE_0}\"\n";
			showEnvVarsInLog = 0;
		};
/* End PBXShellScriptBuildPhase section */

/* Begin PBXSourcesBuildPhase section */
		FEE641292EA910F700E4512A /* Sources */ = {
			isa = PBXSourcesBuildPhase;
			buildActionMask = 2147483647;
			files = (
				FEE641682EA918A500E4512A /* AppDelegate.swift in Sources */,
				FEE641692EA918A500E4512A /* ParacosmBoardController+Logic.swift in Sources */,
				FEE6416A2EA918A500E4512A /* ChronicleViewController.swift in Sources */,
				FEE6416B2EA918A500E4512A /* HomeViewController+Appearance.swift in Sources */,
				FEE6416C2EA918A500E4512A /* HorVModel.swift in Sources */,
				FEE6416D2EA918A500E4512A /* HomeViewController+Actions.swift in Sources */,
				FEE6416E2EA918A500E4512A /* ParacosmBoardController.swift in Sources */,
				FEE6416F2EA918A500E4512A /* ParacosmBoardController+Layout.swift in Sources */,
				FEE641702EA918A500E4512A /* SceneDelegate.swift in Sources */,
				FEE641712EA918A500E4512A /* LedgerVault.swift in Sources */,
				FEE641722EA918A500E4512A /* RuleCompendiumViewController.swift in Sources */,
				FEE641732EA918A500E4512A /* HomeViewController.swift in Sources */,
				FEE641552EA9110800E4512A /* HorV.xcdatamodeld in Sources */,
				FEE641AD2EA920A600E4512A /* SiroccoGradientView.swift in Sources */,
			);
			runOnlyForDeploymentPostprocessing = 0;
		};
/* End PBXSourcesBuildPhase section */

/* Begin PBXVariantGroup section */
		FEE6414D2EA9110800E4512A /* LaunchScreen.storyboard */ = {
			isa = PBXVariantGroup;
			children = (
				FEE6414C2EA9110800E4512A /* Base */,
			);
			name = LaunchScreen.storyboard;
			sourceTree = "<group>";
		};
		FEE6414F2EA9110800E4512A /* Main.storyboard */ = {
			isa = PBXVariantGroup;
			children = (
				FEE6414E2EA9110800E4512A /* Base */,
			);
			name = Main.storyboard;
			sourceTree = "<group>";
		};
/* End PBXVariantGroup section */

/* Begin XCBuildConfiguration section */
		FEE641442EA910F900E4512A /* Debug */ = {
			isa = XCBuildConfiguration;
			baseConfigurationReference = 5B9C9F358D569772E61748FF /* Pods-HorV.debug.xcconfig */;
			buildSettings = {
				ASSETCATALOG_COMPILER_APPICON_NAME = AppIcon;
				ASSETCATALOG_COMPILER_GLOBAL_ACCENT_COLOR_NAME = AccentColor;
				CLANG_ENABLE_MODULES = YES;
				CODE_SIGN_STYLE = Automatic;
				COPY_PHASE_STRIP = YES;
				CURRENT_PROJECT_VERSION = 1;
				DEBUG_INFORMATION_FORMAT = dwarf;
				DEPLOYMENT_POSTPROCESSING = YES;
				ENABLE_USER_SCRIPT_SANDBOXING = NO;
				GENERATE_INFOPLIST_FILE = YES;
				INFOPLIST_FILE = HorV/Info.plist;
				INFOPLIST_KEY_CFBundleDisplayName = "Mahjong - H & V";
				INFOPLIST_KEY_UIApplicationSupportsIndirectInputEvents = YES;
				INFOPLIST_KEY_UILaunchStoryboardName = LaunchScreen;
				INFOPLIST_KEY_UIMainStoryboardFile = Main;
				INFOPLIST_KEY_UISupportedInterfaceOrientations = UIInterfaceOrientationPortrait;
				INFOPLIST_KEY_UISupportedInterfaceOrientations_iPad = "UIInterfaceOrientationLandscapeLeft UIInterfaceOrientationLandscapeRight UIInterfaceOrientationPortrait UIInterfaceOrientationPortraitUpsideDown";
				IPHONEOS_DEPLOYMENT_TARGET = 14.0;
				LD_RUNPATH_SEARCH_PATHS = (
					"$(inherited)",
					"@executable_path/Frameworks",
				);
				MARKETING_VERSION = 1.0;
				PRODUCT_BUNDLE_IDENTIFIER = com.HorV.VH;
				PRODUCT_NAME = "$(TARGET_NAME)";
				SUPPORTED_PLATFORMS = "iphoneos iphonesimulator";
				SUPPORTS_MACCATALYST = NO;
				SUPPORTS_MAC_DESIGNED_FOR_IPHONE_IPAD = NO;
				SUPPORTS_XR_DESIGNED_FOR_IPHONE_IPAD = NO;
				SWIFT_EMIT_LOC_STRINGS = YES;
				SWIFT_OPTIMIZATION_LEVEL = "-Onone";
				SWIFT_VERSION = 5.0;
				TARGETED_DEVICE_FAMILY = 1;
			};
			name = Debug;
		};
		FEE641452EA910F900E4512A /* Release */ = {
			isa = XCBuildConfiguration;
			baseConfigurationReference = 4A909CC1D8AFB9DFD5DF3457 /* Pods-HorV.release.xcconfig */;
			buildSettings = {
				ASSETCATALOG_COMPILER_APPICON_NAME = AppIcon;
				ASSETCATALOG_COMPILER_GLOBAL_ACCENT_COLOR_NAME = AccentColor;
				CLANG_ENABLE_MODULES = YES;
				CODE_SIGN_STYLE = Automatic;
				COPY_PHASE_STRIP = YES;
				CURRENT_PROJECT_VERSION = 1;
				DEBUG_INFORMATION_FORMAT = dwarf;
				DEPLOYMENT_POSTPROCESSING = YES;
				ENABLE_USER_SCRIPT_SANDBOXING = NO;
				GENERATE_INFOPLIST_FILE = YES;
				INFOPLIST_FILE = HorV/Info.plist;
				INFOPLIST_KEY_CFBundleDisplayName = "Mahjong - H & V";
				INFOPLIST_KEY_UIApplicationSupportsIndirectInputEvents = YES;
				INFOPLIST_KEY_UILaunchStoryboardName = LaunchScreen;
				INFOPLIST_KEY_UIMainStoryboardFile = Main;
				INFOPLIST_KEY_UISupportedInterfaceOrientations = UIInterfaceOrientationPortrait;
				INFOPLIST_KEY_UISupportedInterfaceOrientations_iPad = "UIInterfaceOrientationLandscapeLeft UIInterfaceOrientationLandscapeRight UIInterfaceOrientationPortrait UIInterfaceOrientationPortraitUpsideDown";
				IPHONEOS_DEPLOYMENT_TARGET = 14.0;
				LD_RUNPATH_SEARCH_PATHS = (
					"$(inherited)",
					"@executable_path/Frameworks",
				);
				MARKETING_VERSION = 1.0;
				PRODUCT_BUNDLE_IDENTIFIER = com.HorV.VH;
				PRODUCT_NAME = "$(TARGET_NAME)";
				SUPPORTED_PLATFORMS = "iphoneos iphonesimulator";
				SUPPORTS_MACCATALYST = NO;
				SUPPORTS_MAC_DESIGNED_FOR_IPHONE_IPAD = NO;
				SUPPORTS_XR_DESIGNED_FOR_IPHONE_IPAD = NO;
				SWIFT_EMIT_LOC_STRINGS = YES;
				SWIFT_VERSION = 5.0;
				TARGETED_DEVICE_FAMILY = 1;
			};
			name = Release;
		};
		FEE641462EA910F900E4512A /* Debug */ = {
			isa = XCBuildConfiguration;
			buildSettings = {
				ALWAYS_SEARCH_USER_PATHS = NO;
				ASSETCATALOG_COMPILER_GENERATE_SWIFT_ASSET_SYMBOL_EXTENSIONS = YES;
				CLANG_ANALYZER_NONNULL = YES;
				CLANG_ANALYZER_NUMBER_OBJECT_CONVERSION = YES_AGGRESSIVE;
				CLANG_CXX_LANGUAGE_STANDARD = "gnu++20";
				CLANG_ENABLE_MODULES = YES;
				CLANG_ENABLE_OBJC_ARC = YES;
				CLANG_ENABLE_OBJC_WEAK = YES;
				CLANG_WARN_BLOCK_CAPTURE_AUTORELEASING = YES;
				CLANG_WARN_BOOL_CONVERSION = YES;
				CLANG_WARN_COMMA = YES;
				CLANG_WARN_CONSTANT_CONVERSION = YES;
				CLANG_WARN_DEPRECATED_OBJC_IMPLEMENTATIONS = YES;
				CLANG_WARN_DIRECT_OBJC_ISA_USAGE = YES_ERROR;
				CLANG_WARN_DOCUMENTATION_COMMENTS = YES;
				CLANG_WARN_EMPTY_BODY = YES;
				CLANG_WARN_ENUM_CONVERSION = YES;
				CLANG_WARN_INFINITE_RECURSION = YES;
				CLANG_WARN_INT_CONVERSION = YES;
				CLANG_WARN_NON_LITERAL_NULL_CONVERSION = YES;
				CLANG_WARN_OBJC_IMPLICIT_RETAIN_SELF = YES;
				CLANG_WARN_OBJC_LITERAL_CONVERSION = YES;
				CLANG_WARN_OBJC_ROOT_CLASS = YES_ERROR;
				CLANG_WARN_QUOTED_INCLUDE_IN_FRAMEWORK_HEADER = YES;
				CLANG_WARN_RANGE_LOOP_ANALYSIS = YES;
				CLANG_WARN_STRICT_PROTOTYPES = YES;
				CLANG_WARN_SUSPICIOUS_MOVE = YES;
				CLANG_WARN_UNGUARDED_AVAILABILITY = YES_AGGRESSIVE;
				CLANG_WARN_UNREACHABLE_CODE = YES;
				CLANG_WARN__DUPLICATE_METHOD_MATCH = YES;
				COPY_PHASE_STRIP = NO;
				DEBUG_INFORMATION_FORMAT = dwarf;
				ENABLE_STRICT_OBJC_MSGSEND = YES;
				ENABLE_TESTABILITY = YES;
				ENABLE_USER_SCRIPT_SANDBOXING = YES;
				GCC_C_LANGUAGE_STANDARD = gnu17;
				GCC_DYNAMIC_NO_PIC = NO;
				GCC_NO_COMMON_BLOCKS = YES;
				GCC_OPTIMIZATION_LEVEL = 0;
				GCC_PREPROCESSOR_DEFINITIONS = (
					"DEBUG=1",
					"$(inherited)",
				);
				GCC_WARN_64_TO_32_BIT_CONVERSION = YES;
				GCC_WARN_ABOUT_RETURN_TYPE = YES_ERROR;
				GCC_WARN_UNDECLARED_SELECTOR = YES;
				GCC_WARN_UNINITIALIZED_AUTOS = YES_AGGRESSIVE;
				GCC_WARN_UNUSED_FUNCTION = YES;
				GCC_WARN_UNUSED_VARIABLE = YES;
				IPHONEOS_DEPLOYMENT_TARGET = 18.4;
				LOCALIZATION_PREFERS_STRING_CATALOGS = YES;
				MTL_ENABLE_DEBUG_INFO = INCLUDE_SOURCE;
				MTL_FAST_MATH = YES;
				ONLY_ACTIVE_ARCH = YES;
				SDKROOT = iphoneos;
				SWIFT_ACTIVE_COMPILATION_CONDITIONS = "DEBUG $(inherited)";
				SWIFT_OPTIMIZATION_LEVEL = "-Onone";
			};
			name = Debug;
		};
		FEE641472EA910F900E4512A /* Release */ = {
			isa = XCBuildConfiguration;
			buildSettings = {
				ALWAYS_SEARCH_USER_PATHS = NO;
				ASSETCATALOG_COMPILER_GENERATE_SWIFT_ASSET_SYMBOL_EXTENSIONS = YES;
				CLANG_ANALYZER_NONNULL = YES;
				CLANG_ANALYZER_NUMBER_OBJECT_CONVERSION = YES_AGGRESSIVE;
				CLANG_CXX_LANGUAGE_STANDARD = "gnu++20";
				CLANG_ENABLE_MODULES = YES;
				CLANG_ENABLE_OBJC_ARC = YES;
				CLANG_ENABLE_OBJC_WEAK = YES;
				CLANG_WARN_BLOCK_CAPTURE_AUTORELEASING = YES;
				CLANG_WARN_BOOL_CONVERSION = YES;
				CLANG_WARN_COMMA = YES;
				CLANG_WARN_CONSTANT_CONVERSION = YES;
				CLANG_WARN_DEPRECATED_OBJC_IMPLEMENTATIONS = YES;
				CLANG_WARN_DIRECT_OBJC_ISA_USAGE = YES_ERROR;
				CLANG_WARN_DOCUMENTATION_COMMENTS = YES;
				CLANG_WARN_EMPTY_BODY = YES;
				CLANG_WARN_ENUM_CONVERSION = YES;
				CLANG_WARN_INFINITE_RECURSION = YES;
				CLANG_WARN_INT_CONVERSION = YES;
				CLANG_WARN_NON_LITERAL_NULL_CONVERSION = YES;
				CLANG_WARN_OBJC_IMPLICIT_RETAIN_SELF = YES;
				CLANG_WARN_OBJC_LITERAL_CONVERSION = YES;
				CLANG_WARN_OBJC_ROOT_CLASS = YES_ERROR;
				CLANG_WARN_QUOTED_INCLUDE_IN_FRAMEWORK_HEADER = YES;
				CLANG_WARN_RANGE_LOOP_ANALYSIS = YES;
				CLANG_WARN_STRICT_PROTOTYPES = YES;
				CLANG_WARN_SUSPICIOUS_MOVE = YES;
				CLANG_WARN_UNGUARDED_AVAILABILITY = YES_AGGRESSIVE;
				CLANG_WARN_UNREACHABLE_CODE = YES;
				CLANG_WARN__DUPLICATE_METHOD_MATCH = YES;
				COPY_PHASE_STRIP = NO;
				DEBUG_INFORMATION_FORMAT = "dwarf-with-dsym";
				ENABLE_NS_ASSERTIONS = NO;
				ENABLE_STRICT_OBJC_MSGSEND = YES;
				ENABLE_USER_SCRIPT_SANDBOXING = YES;
				GCC_C_LANGUAGE_STANDARD = gnu17;
				GCC_NO_COMMON_BLOCKS = YES;
				GCC_WARN_64_TO_32_BIT_CONVERSION = YES;
				GCC_WARN_ABOUT_RETURN_TYPE = YES_ERROR;
				GCC_WARN_UNDECLARED_SELECTOR = YES;
				GCC_WARN_UNINITIALIZED_AUTOS = YES_AGGRESSIVE;
				GCC_WARN_UNUSED_FUNCTION = YES;
				GCC_WARN_UNUSED_VARIABLE = YES;
				IPHONEOS_DEPLOYMENT_TARGET = 18.4;
				LOCALIZATION_PREFERS_STRING_CATALOGS = YES;
				MTL_ENABLE_DEBUG_INFO = NO;
				MTL_FAST_MATH = YES;
				SDKROOT = iphoneos;
				SWIFT_COMPILATION_MODE = wholemodule;
				VALIDATE_PRODUCT = YES;
			};
			name = Release;
		};
/* End XCBuildConfiguration section */

/* Begin XCConfigurationList section */
		FEE641282EA910F700E4512A /* Build configuration list for PBXProject "HorV" */ = {
			isa = XCConfigurationList;
			buildConfigurations = (
				FEE641462EA910F900E4512A /* Debug */,
				FEE641472EA910F900E4512A /* Release */,
			);
			defaultConfigurationIsVisible = 0;
			defaultConfigurationName = Release;
		};
		FEE641432EA910F900E4512A /* Build configuration list for PBXNativeTarget "HorV" */ = {
			isa = XCConfigurationList;
			buildConfigurations = (
				FEE641442EA910F900E4512A /* Debug */,
				FEE641452EA910F900E4512A /* Release */,
			);
			defaultConfigurationIsVisible = 0;
			defaultConfigurationName = Release;
		};
/* End XCConfigurationList section */

/* Begin XCVersionGroup section */
		FEE6414A2EA9110800E4512A /* HorV.xcdatamodeld */ = {
			isa = XCVersionGroup;
			children = (
				FEE641532EA9110800E4512A /* HorV.xcdatamodel */,
			);
			currentVersion = FEE641532EA9110800E4512A /* HorV.xcdatamodel */;
			path = HorV.xcdatamodeld;
			sourceTree = "<group>";
			versionGroupType = wrapper.xcdatamodel;
		};
/* End XCVersionGroup section */
	};
	rootObject = FEE641252EA910F700E4512A /* Project object */;
}
